
Microsoft Visual Studio Solution File, Format Version 12.00
# Visual Studio Version 17
VisualStudioVersion = 17.6.33829.357
MinimumVisualStudioVersion = 10.0.40219.1
Project("{2150E333-8FDC-42A3-9474-1A3956D46DE8}") = "Services", "Services", "{FB25605A-8E5E-4979-9F23-8C8DDCCB3B22}"
EndProject
Project("{2150E333-8FDC-42A3-9474-1A3956D46DE8}") = "Catalog", "Catalog", "{3D2B90D8-68EE-40E9-A036-2A2D6AF08F90}"
EndProject
Project("{9A19103F-16F7-4668-BE54-9A1E7A4F7556}") = "Catalog.API", "Catalog.API\Catalog.API.csproj", "{C208BD53-E7AC-4061-A408-CA0E030329F0}"
EndProject
Project("{E53339B2-1760-4266-BCC7-CA923CBCF16C}") = "docker-compose", "docker-compose.dcproj", "{688EB640-654D-473F-A047-951873A189F4}"
EndProject
Project("{2150E333-8FDC-42A3-9474-1A3956D46DE8}") = "Basket", "Basket", "{BDFE2BE6-6DDA-4819-BD63-DE6A33996C45}"
EndProject
Project("{FAE04EC0-301F-11D3-BF4B-00C04F79EFBC}") = "Basket.API", "Basket.API\Basket.API.csproj", "{4184CB0A-AE0A-4074-B98B-2E89823EF663}"
EndProject
Global
	GlobalSection(SolutionConfigurationPlatforms) = preSolution
		Debug|Any CPU = Debug|Any CPU
		Release|Any CPU = Release|Any CPU
	EndGlobalSection
	GlobalSection(ProjectConfigurationPlatforms) = postSolution
		{C208BD53-E7AC-4061-A408-CA0E030329F0}.Debug|Any CPU.ActiveCfg = Debug|Any CPU
		{C208BD53-E7AC-4061-A408-CA0E030329F0}.Debug|Any CPU.Build.0 = Debug|Any CPU
		{C208BD53-E7AC-4061-A408-CA0E030329F0}.Release|Any CPU.ActiveCfg = Release|Any CPU
		{C208BD53-E7AC-4061-A408-CA0E030329F0}.Release|Any CPU.Build.0 = Release|Any CPU
		{688EB640-654D-473F-A047-951873A189F4}.Debug|Any CPU.ActiveCfg = Debug|Any CPU
		{688EB640-654D-473F-A047-951873A189F4}.Debug|Any CPU.Build.0 = Debug|Any CPU
		{688EB640-654D-473F-A047-951873A189F4}.Release|Any CPU.ActiveCfg = Release|Any CPU
		{688EB640-654D-473F-A047-951873A189F4}.Release|Any CPU.Build.0 = Release|Any CPU
		{4184CB0A-AE0A-4074-B98B-2E89823EF663}.Debug|Any CPU.ActiveCfg = Debug|Any CPU
		{4184CB0A-AE0A-4074-B98B-2E89823EF663}.Debug|Any CPU.Build.0 = Debug|Any CPU
		{4184CB0A-AE0A-4074-B98B-2E89823EF663}.Release|Any CPU.ActiveCfg = Release|Any CPU
		{4184CB0A-AE0A-4074-B98B-2E89823EF663}.Release|Any CPU.Build.0 = Release|Any CPU
	EndGlobalSection
	GlobalSection(SolutionProperties) = preSolution
		HideSolutionNode = FALSE
	EndGlobalSection
	GlobalSection(NestedProjects) = preSolution
		{3D2B90D8-68EE-40E9-A036-2A2D6AF08F90} = {FB25605A-8E5E-4979-9F23-8C8DDCCB3B22}
		{C208BD53-E7AC-4061-A408-CA0E030329F0} = {3D2B90D8-68EE-40E9-A036-2A2D6AF08F90}
		{BDFE2BE6-6DDA-4819-BD63-DE6A33996C45} = {FB25605A-8E5E-4979-9F23-8C8DDCCB3B22}
		{4184CB0A-AE0A-4074-B98B-2E89823EF663} = {BDFE2BE6-6DDA-4819-BD63-DE6A33996C45}
	EndGlobalSection
	GlobalSection(ExtensibilityGlobals) = postSolution
		SolutionGuid = {D303E486-41A0-4030-8010-2004DAB57B21}
	EndGlobalSection
EndGlobal
